
Microsoft Visual Studio Solution File, Format Version 12.00
# Visual Studio 2010
Project("{FAE04EC0-301F-11D3-BF4B-00C04F79EFBC}") = "ForesTycoon", "ForesTycoon\ForesTycoon.csproj", "{05549FD7-74F4-49A2-A0D4-7C497D3884B7}"
EndProject
Project("{FAE04EC0-301F-11D3-BF4B-00C04F79EFBC}") = "ForesTycoon.Tests", "ForesTycoon.Tests\ForesTycoon.Tests.csproj", "{7143916B-D49E-4FD5-B7CE-54F4CBEF26C1}"
EndProject
Project("{2150E333-8FDC-42A3-9474-1A3956D46DE8}") = "ThirdParty", "ThirdParty", "{356D9C46-07F5-7F13-4EEF-5DD22B885BE8}"
EndProject
Project("{FAE04EC0-301F-11D3-BF4B-00C04F79EFBC}") = "DendroKit.Core", "ThirdParty\DendroKit.Core\DendroKit.Core.csproj", "{36B035BB-DFDC-4400-AF3B-30341E2D9D85}"
EndProject
Project("{FAE04EC0-301F-11D3-BF4B-00C04F79EFBC}") = "ForesTycoon.Engine", "ForesTycoon.Engine\ForesTycoon.Engine.csproj", "{171B31BF-0492-4692-B3AD-FA1591C37C49}"
EndProject
Project("{FAE04EC0-301F-11D3-BF4B-00C04F79EFBC}") = "ForesTycoon.Ecology", "ForesTycoon.Ecology\ForesTycoon.Ecology.csproj", "{870AF2ED-09A0-4E25-8A14-4DA1492BE85B}"
EndProject
Project("{FAE04EC0-301F-11D3-BF4B-00C04F79EFBC}") = "ForesTycoon.TreeModels", "ForesTycoon.TreeModels\ForesTycoon.TreeModels.csproj", "{DE277E81-20F2-4D3C-BFF7-27F5A6396648}"
EndProject
Project("{FAE04EC0-301F-11D3-BF4B-00C04F79EFBC}") = "ForesTycoon.Rendering", "ForesTycoon.Rendering\ForesTycoon.Rendering.csproj", "{5BA96301-4E7B-4E00-9C9A-3637A8D59A9D}"
EndProject
Project("{FAE04EC0-301F-11D3-BF4B-00C04F79EFBC}") = "ForesTycoon.Models", "ForesTycoon.Models\ForesTycoon.Models.csproj", "{02B9DCB5-3598-488C-BF87-A5666C0CF8BF}"
EndProject
Project("{FAE04EC0-301F-11D3-BF4B-00C04F79EFBC}") = "ForesTycoon.Effects", "ForesTycoon.Effects\ForesTycoon.Effects.csproj", "{36C8CE3F-ADD3-4EAA-8625-80FD39B27395}"
EndProject
Project("{FAE04EC0-301F-11D3-BF4B-00C04F79EFBC}") = "ForesTycoon.Map", "ForesTycoon.Map\ForesTycoon.Map.csproj", "{E481046E-00E5-46EC-90F9-E466DD3F8ACE}"
EndProject
Global
	GlobalSection(SolutionConfigurationPlatforms) = preSolution
		Debug|Any CPU = Debug|Any CPU
		Debug|x64 = Debug|x64
		Debug|x86 = Debug|x86
		Release|Any CPU = Release|Any CPU
		Release|x64 = Release|x64
		Release|x86 = Release|x86
	EndGlobalSection
	GlobalSection(ProjectConfigurationPlatforms) = postSolution
		{05549FD7-74F4-49A2-A0D4-7C497D3884B7}.Debug|Any CPU.ActiveCfg = Debug|Any CPU
		{05549FD7-74F4-49A2-A0D4-7C497D3884B7}.Debug|Any CPU.Build.0 = Debug|Any CPU
		{05549FD7-74F4-49A2-A0D4-7C497D3884B7}.Debug|x64.ActiveCfg = Debug|Any CPU
		{05549FD7-74F4-49A2-A0D4-7C497D3884B7}.Debug|x64.Build.0 = Debug|Any CPU
		{05549FD7-74F4-49A2-A0D4-7C497D3884B7}.Debug|x86.ActiveCfg = Debug|Any CPU
		{05549FD7-74F4-49A2-A0D4-7C497D3884B7}.Debug|x86.Build.0 = Debug|Any CPU
		{05549FD7-74F4-49A2-A0D4-7C497D3884B7}.Release|Any CPU.ActiveCfg = Release|Any CPU
		{05549FD7-74F4-49A2-A0D4-7C497D3884B7}.Release|Any CPU.Build.0 = Release|Any CPU
		{05549FD7-74F4-49A2-A0D4-7C497D3884B7}.Release|x64.ActiveCfg = Release|Any CPU
		{05549FD7-74F4-49A2-A0D4-7C497D3884B7}.Release|x64.Build.0 = Release|Any CPU
		{05549FD7-74F4-49A2-A0D4-7C497D3884B7}.Release|x86.ActiveCfg = Release|Any CPU
		{05549FD7-74F4-49A2-A0D4-7C497D3884B7}.Release|x86.Build.0 = Release|Any CPU
		{7143916B-D49E-4FD5-B7CE-54F4CBEF26C1}.Debug|Any CPU.ActiveCfg = Debug|Any CPU
		{7143916B-D49E-4FD5-B7CE-54F4CBEF26C1}.Debug|Any CPU.Build.0 = Debug|Any CPU
		{7143916B-D49E-4FD5-B7CE-54F4CBEF26C1}.Debug|x64.ActiveCfg = Debug|Any CPU
		{7143916B-D49E-4FD5-B7CE-54F4CBEF26C1}.Debug|x64.Build.0 = Debug|Any CPU
		{7143916B-D49E-4FD5-B7CE-54F4CBEF26C1}.Debug|x86.ActiveCfg = Debug|Any CPU
		{7143916B-D49E-4FD5-B7CE-54F4CBEF26C1}.Debug|x86.Build.0 = Debug|Any CPU
		{7143916B-D49E-4FD5-B7CE-54F4CBEF26C1}.Release|Any CPU.ActiveCfg = Release|Any CPU
		{7143916B-D49E-4FD5-B7CE-54F4CBEF26C1}.Release|Any CPU.Build.0 = Release|Any CPU
		{7143916B-D49E-4FD5-B7CE-54F4CBEF26C1}.Release|x64.ActiveCfg = Release|Any CPU
		{7143916B-D49E-4FD5-B7CE-54F4CBEF26C1}.Release|x64.Build.0 = Release|Any CPU
		{7143916B-D49E-4FD5-B7CE-54F4CBEF26C1}.Release|x86.ActiveCfg = Release|Any CPU
		{7143916B-D49E-4FD5-B7CE-54F4CBEF26C1}.Release|x86.Build.0 = Release|Any CPU
		{36B035BB-DFDC-4400-AF3B-30341E2D9D85}.Debug|Any CPU.ActiveCfg = Debug|Any CPU
		{36B035BB-DFDC-4400-AF3B-30341E2D9D85}.Debug|Any CPU.Build.0 = Debug|Any CPU
		{36B035BB-DFDC-4400-AF3B-30341E2D9D85}.Debug|x64.ActiveCfg = Debug|Any CPU
		{36B035BB-DFDC-4400-AF3B-30341E2D9D85}.Debug|x64.Build.0 = Debug|Any CPU
		{36B035BB-DFDC-4400-AF3B-30341E2D9D85}.Debug|x86.ActiveCfg = Debug|Any CPU
		{36B035BB-DFDC-4400-AF3B-30341E2D9D85}.Debug|x86.Build.0 = Debug|Any CPU
		{36B035BB-DFDC-4400-AF3B-30341E2D9D85}.Release|Any CPU.ActiveCfg = Release|Any CPU
		{36B035BB-DFDC-4400-AF3B-30341E2D9D85}.Release|Any CPU.Build.0 = Release|Any CPU
		{36B035BB-DFDC-4400-AF3B-30341E2D9D85}.Release|x64.ActiveCfg = Release|Any CPU
		{36B035BB-DFDC-4400-AF3B-30341E2D9D85}.Release|x64.Build.0 = Release|Any CPU
		{36B035BB-DFDC-4400-AF3B-30341E2D9D85}.Release|x86.ActiveCfg = Release|Any CPU
		{36B035BB-DFDC-4400-AF3B-30341E2D9D85}.Release|x86.Build.0 = Release|Any CPU
		{171B31BF-0492-4692-B3AD-FA1591C37C49}.Debug|Any CPU.ActiveCfg = Debug|Any CPU
		{171B31BF-0492-4692-B3AD-FA1591C37C49}.Debug|Any CPU.Build.0 = Debug|Any CPU
		{171B31BF-0492-4692-B3AD-FA1591C37C49}.Debug|x64.ActiveCfg = Debug|Any CPU
		{171B31BF-0492-4692-B3AD-FA1591C37C49}.Debug|x64.Build.0 = Debug|Any CPU
		{171B31BF-0492-4692-B3AD-FA1591C37C49}.Debug|x86.ActiveCfg = Debug|Any CPU
		{171B31BF-0492-4692-B3AD-FA1591C37C49}.Debug|x86.Build.0 = Debug|Any CPU
		{171B31BF-0492-4692-B3AD-FA1591C37C49}.Release|Any CPU.ActiveCfg = Release|Any CPU
		{171B31BF-0492-4692-B3AD-FA1591C37C49}.Release|Any CPU.Build.0 = Release|Any CPU
		{171B31BF-0492-4692-B3AD-FA1591C37C49}.Release|x64.ActiveCfg = Release|Any CPU
		{171B31BF-0492-4692-B3AD-FA1591C37C49}.Release|x64.Build.0 = Release|Any CPU
		{171B31BF-0492-4692-B3AD-FA1591C37C49}.Release|x86.ActiveCfg = Release|Any CPU
		{171B31BF-0492-4692-B3AD-FA1591C37C49}.Release|x86.Build.0 = Release|Any CPU
		{870AF2ED-09A0-4E25-8A14-4DA1492BE85B}.Debug|Any CPU.ActiveCfg = Debug|Any CPU
		{870AF2ED-09A0-4E25-8A14-4DA1492BE85B}.Debug|Any CPU.Build.0 = Debug|Any CPU
		{870AF2ED-09A0-4E25-8A14-4DA1492BE85B}.Debug|x64.ActiveCfg = Debug|Any CPU
		{870AF2ED-09A0-4E25-8A14-4DA1492BE85B}.Debug|x64.Build.0 = Debug|Any CPU
		{870AF2ED-09A0-4E25-8A14-4DA1492BE85B}.Debug|x86.ActiveCfg = Debug|Any CPU
		{870AF2ED-09A0-4E25-8A14-4DA1492BE85B}.Debug|x86.Build.0 = Debug|Any CPU
		{870AF2ED-09A0-4E25-8A14-4DA1492BE85B}.Release|Any CPU.ActiveCfg = Release|Any CPU
		{870AF2ED-09A0-4E25-8A14-4DA1492BE85B}.Release|Any CPU.Build.0 = Release|Any CPU
		{870AF2ED-09A0-4E25-8A14-4DA1492BE85B}.Release|x64.ActiveCfg = Release|Any CPU
		{870AF2ED-09A0-4E25-8A14-4DA1492BE85B}.Release|x64.Build.0 = Release|Any CPU
		{870AF2ED-09A0-4E25-8A14-4DA1492BE85B}.Release|x86.ActiveCfg = Release|Any CPU
		{870AF2ED-09A0-4E25-8A14-4DA1492BE85B}.Release|x86.Build.0 = Release|Any CPU
		{DE277E81-20F2-4D3C-BFF7-27F5A6396648}.Debug|Any CPU.ActiveCfg = Debug|Any CPU
		{DE277E81-20F2-4D3C-BFF7-27F5A6396648}.Debug|Any CPU.Build.0 = Debug|Any CPU
		{DE277E81-20F2-4D3C-BFF7-27F5A6396648}.Debug|x64.ActiveCfg = Debug|Any CPU
		{DE277E81-20F2-4D3C-BFF7-27F5A6396648}.Debug|x64.Build.0 = Debug|Any CPU
		{DE277E81-20F2-4D3C-BFF7-27F5A6396648}.Debug|x86.ActiveCfg = Debug|Any CPU
		{DE277E81-20F2-4D3C-BFF7-27F5A6396648}.Debug|x86.Build.0 = Debug|Any CPU
		{DE277E81-20F2-4D3C-BFF7-27F5A6396648}.Release|Any CPU.ActiveCfg = Release|Any CPU
		{DE277E81-20F2-4D3C-BFF7-27F5A6396648}.Release|Any CPU.Build.0 = Release|Any CPU
		{DE277E81-20F2-4D3C-BFF7-27F5A6396648}.Release|x64.ActiveCfg = Release|Any CPU
		{DE277E81-20F2-4D3C-BFF7-27F5A6396648}.Release|x64.Build.0 = Release|Any CPU
		{DE277E81-20F2-4D3C-BFF7-27F5A6396648}.Release|x86.ActiveCfg = Release|Any CPU
		{DE277E81-20F2-4D3C-BFF7-27F5A6396648}.Release|x86.Build.0 = Release|Any CPU
		{5BA96301-4E7B-4E00-9C9A-3637A8D59A9D}.Debug|Any CPU.ActiveCfg = Debug|Any CPU
		{5BA96301-4E7B-4E00-9C9A-3637A8D59A9D}.Debug|Any CPU.Build.0 = Debug|Any CPU
		{5BA96301-4E7B-4E00-9C9A-3637A8D59A9D}.Debug|x64.ActiveCfg = Debug|Any CPU
		{5BA96301-4E7B-4E00-9C9A-3637A8D59A9D}.Debug|x64.Build.0 = Debug|Any CPU
		{5BA96301-4E7B-4E00-9C9A-3637A8D59A9D}.Debug|x86.ActiveCfg = Debug|Any CPU
		{5BA96301-4E7B-4E00-9C9A-3637A8D59A9D}.Debug|x86.Build.0 = Debug|Any CPU
		{5BA96301-4E7B-4E00-9C9A-3637A8D59A9D}.Release|Any CPU.ActiveCfg = Release|Any CPU
		{5BA96301-4E7B-4E00-9C9A-3637A8D59A9D}.Release|Any CPU.Build.0 = Release|Any CPU
		{5BA96301-4E7B-4E00-9C9A-3637A8D59A9D}.Release|x64.ActiveCfg = Release|Any CPU
		{5BA96301-4E7B-4E00-9C9A-3637A8D59A9D}.Release|x64.Build.0 = Release|Any CPU
		{5BA96301-4E7B-4E00-9C9A-3637A8D59A9D}.Release|x86.ActiveCfg = Release|Any CPU
		{5BA96301-4E7B-4E00-9C9A-3637A8D59A9D}.Release|x86.Build.0 = Release|Any CPU
		{02B9DCB5-3598-488C-BF87-A5666C0CF8BF}.Debug|Any CPU.ActiveCfg = Debug|Any CPU
		{02B9DCB5-3598-488C-BF87-A5666C0CF8BF}.Debug|Any CPU.Build.0 = Debug|Any CPU
		{02B9DCB5-3598-488C-BF87-A5666C0CF8BF}.Debug|x64.ActiveCfg = Debug|Any CPU
		{02B9DCB5-3598-488C-BF87-A5666C0CF8BF}.Debug|x64.Build.0 = Debug|Any CPU
		{02B9DCB5-3598-488C-BF87-A5666C0CF8BF}.Debug|x86.ActiveCfg = Debug|Any CPU
		{02B9DCB5-3598-488C-BF87-A5666C0CF8BF}.Debug|x86.Build.0 = Debug|Any CPU
		{02B9DCB5-3598-488C-BF87-A5666C0CF8BF}.Release|Any CPU.ActiveCfg = Release|Any CPU
		{02B9DCB5-3598-488C-BF87-A5666C0CF8BF}.Release|Any CPU.Build.0 = Release|Any CPU
		{02B9DCB5-3598-488C-BF87-A5666C0CF8BF}.Release|x64.ActiveCfg = Release|Any CPU
		{02B9DCB5-3598-488C-BF87-A5666C0CF8BF}.Release|x64.Build.0 = Release|Any CPU
		{02B9DCB5-3598-488C-BF87-A5666C0CF8BF}.Release|x86.ActiveCfg = Release|Any CPU
		{02B9DCB5-3598-488C-BF87-A5666C0CF8BF}.Release|x86.Build.0 = Release|Any CPU
		{36C8CE3F-ADD3-4EAA-8625-80FD39B27395}.Debug|Any CPU.ActiveCfg = Debug|Any CPU
		{36C8CE3F-ADD3-4EAA-8625-80FD39B27395}.Debug|Any CPU.Build.0 = Debug|Any CPU
		{36C8CE3F-ADD3-4EAA-8625-80FD39B27395}.Debug|x64.ActiveCfg = Debug|Any CPU
		{36C8CE3F-ADD3-4EAA-8625-80FD39B27395}.Debug|x64.Build.0 = Debug|Any CPU
		{36C8CE3F-ADD3-4EAA-8625-80FD39B27395}.Debug|x86.ActiveCfg = Debug|Any CPU
		{36C8CE3F-ADD3-4EAA-8625-80FD39B27395}.Debug|x86.Build.0 = Debug|Any CPU
		{36C8CE3F-ADD3-4EAA-8625-80FD39B27395}.Release|Any CPU.ActiveCfg = Release|Any CPU
		{36C8CE3F-ADD3-4EAA-8625-80FD39B27395}.Release|Any CPU.Build.0 = Release|Any CPU
		{36C8CE3F-ADD3-4EAA-8625-80FD39B27395}.Release|x64.ActiveCfg = Release|Any CPU
		{36C8CE3F-ADD3-4EAA-8625-80FD39B27395}.Release|x64.Build.0 = Release|Any CPU
		{36C8CE3F-ADD3-4EAA-8625-80FD39B27395}.Release|x86.ActiveCfg = Release|Any CPU
		{36C8CE3F-ADD3-4EAA-8625-80FD39B27395}.Release|x86.Build.0 = Release|Any CPU
		{E481046E-00E5-46EC-90F9-E466DD3F8ACE}.Debug|Any CPU.ActiveCfg = Debug|Any CPU
		{E481046E-00E5-46EC-90F9-E466DD3F8ACE}.Debug|Any CPU.Build.0 = Debug|Any CPU
		{E481046E-00E5-46EC-90F9-E466DD3F8ACE}.Debug|x64.ActiveCfg = Debug|Any CPU
		{E481046E-00E5-46EC-90F9-E466DD3F8ACE}.Debug|x64.Build.0 = Debug|Any CPU
		{E481046E-00E5-46EC-90F9-E466DD3F8ACE}.Debug|x86.ActiveCfg = Debug|Any CPU
		{E481046E-00E5-46EC-90F9-E466DD3F8ACE}.Debug|x86.Build.0 = Debug|Any CPU
		{E481046E-00E5-46EC-90F9-E466DD3F8ACE}.Release|Any CPU.ActiveCfg = Release|Any CPU
		{E481046E-00E5-46EC-90F9-E466DD3F8ACE}.Release|Any CPU.Build.0 = Release|Any CPU
		{E481046E-00E5-46EC-90F9-E466DD3F8ACE}.Release|x64.ActiveCfg = Release|Any CPU
		{E481046E-00E5-46EC-90F9-E466DD3F8ACE}.Release|x64.Build.0 = Release|Any CPU
		{E481046E-00E5-46EC-90F9-E466DD3F8ACE}.Release|x86.ActiveCfg = Release|Any CPU
		{E481046E-00E5-46EC-90F9-E466DD3F8ACE}.Release|x86.Build.0 = Release|Any CPU
	EndGlobalSection
	GlobalSection(SolutionProperties) = preSolution
		HideSolutionNode = FALSE
	EndGlobalSection
	GlobalSection(NestedProjects) = preSolution
		{36B035BB-DFDC-4400-AF3B-30341E2D9D85} = {356D9C46-07F5-7F13-4EEF-5DD22B885BE8}
	EndGlobalSection
EndGlobal
