
Microsoft Visual Studio Solution File, Format Version 12.00
# Visual Studio 2010
Project("{FAE04EC0-301F-11D3-BF4B-00C04F79EFBC}") = "ForesTycoon", "ForesTycoon\ForesTycoon.csproj", "{05549FD7-74F4-49A2-A0D4-7C497D3884B7}"
EndProject
Project("{FAE04EC0-301F-11D3-BF4B-00C04F79EFBC}") = "ForesTycoon.Tests", "ForesTycoon.Tests\ForesTycoon.Tests.csproj", "{7143916B-D49E-4FD5-B7CE-54F4CBEF26C1}"
EndProject
Project("{2150E333-8FDC-42A3-9474-1A3956D46DE8}") = "ThirdParty", "ThirdParty", "{356D9C46-07F5-7F13-4EEF-5DD22B885BE8}"
EndProject
Project("{FAE04EC0-301F-11D3-BF4B-00C04F79EFBC}") = "DendroKit.Core", "ThirdParty\DendroKit.Core\DendroKit.Core.csproj", "{36B035BB-DFDC-4400-AF3B-30341E2D9D85}"
EndProject
Project("{FAE04EC0-301F-11D3-BF4B-00C04F79EFBC}") = "ForesTycoon.Engine", "ForesTycoon.Engine\ForesTycoon.Engine.csproj", "{171B31BF-0492-4692-B3AD-FA1591C37C49}"
EndProject
Global
	GlobalSection(SolutionConfigurationPlatforms) = preSolution
		Debug|Any CPU = Debug|Any CPU
		Debug|x64 = Debug|x64
		Debug|x86 = Debug|x86
		Release|Any CPU = Release|Any CPU
		Release|x64 = Release|x64
		Release|x86 = Release|x86
	EndGlobalSection
	GlobalSection(ProjectConfigurationPlatforms) = postSolution
		{05549FD7-74F4-49A2-A0D4-7C497D3884B7}.Debug|Any CPU.ActiveCfg = Debug|Any CPU
		{05549FD7-74F4-49A2-A0D4-7C497D3884B7}.Debug|Any CPU.Build.0 = Debug|Any CPU
		{05549FD7-74F4-49A2-A0D4-7C497D3884B7}.Debug|x64.ActiveCfg = Debug|Any CPU
		{05549FD7-74F4-49A2-A0D4-7C497D3884B7}.Debug|x64.Build.0 = Debug|Any CPU
		{05549FD7-74F4-49A2-A0D4-7C497D3884B7}.Debug|x86.ActiveCfg = Debug|Any CPU
		{05549FD7-74F4-49A2-A0D4-7C497D3884B7}.Debug|x86.Build.0 = Debug|Any CPU
		{05549FD7-74F4-49A2-A0D4-7C497D3884B7}.Release|Any CPU.ActiveCfg = Release|Any CPU
		{05549FD7-74F4-49A2-A0D4-7C497D3884B7}.Release|Any CPU.Build.0 = Release|Any CPU
		{05549FD7-74F4-49A2-A0D4-7C497D3884B7}.Release|x64.ActiveCfg = Release|Any CPU
		{05549FD7-74F4-49A2-A0D4-7C497D3884B7}.Release|x64.Build.0 = Release|Any CPU
		{05549FD7-74F4-49A2-A0D4-7C497D3884B7}.Release|x86.ActiveCfg = Release|Any CPU
		{05549FD7-74F4-49A2-A0D4-7C497D3884B7}.Release|x86.Build.0 = Release|Any CPU
		{7143916B-D49E-4FD5-B7CE-54F4CBEF26C1}.Debug|Any CPU.ActiveCfg = Debug|Any CPU
		{7143916B-D49E-4FD5-B7CE-54F4CBEF26C1}.Debug|Any CPU.Build.0 = Debug|Any CPU
		{7143916B-D49E-4FD5-B7CE-54F4CBEF26C1}.Debug|x64.ActiveCfg = Debug|Any CPU
		{7143916B-D49E-4FD5-B7CE-54F4CBEF26C1}.Debug|x64.Build.0 = Debug|Any CPU
		{7143916B-D49E-4FD5-B7CE-54F4CBEF26C1}.Debug|x86.ActiveCfg = Debug|Any CPU
		{7143916B-D49E-4FD5-B7CE-54F4CBEF26C1}.Debug|x86.Build.0 = Debug|Any CPU
		{7143916B-D49E-4FD5-B7CE-54F4CBEF26C1}.Release|Any CPU.ActiveCfg = Release|Any CPU
		{7143916B-D49E-4FD5-B7CE-54F4CBEF26C1}.Release|Any CPU.Build.0 = Release|Any CPU
		{7143916B-D49E-4FD5-B7CE-54F4CBEF26C1}.Release|x64.ActiveCfg = Release|Any CPU
		{7143916B-D49E-4FD5-B7CE-54F4CBEF26C1}.Release|x64.Build.0 = Release|Any CPU
		{7143916B-D49E-4FD5-B7CE-54F4CBEF26C1}.Release|x86.ActiveCfg = Release|Any CPU
		{7143916B-D49E-4FD5-B7CE-54F4CBEF26C1}.Release|x86.Build.0 = Release|Any CPU
		{36B035BB-DFDC-4400-AF3B-30341E2D9D85}.Debug|Any CPU.ActiveCfg = Debug|Any CPU
		{36B035BB-DFDC-4400-AF3B-30341E2D9D85}.Debug|Any CPU.Build.0 = Debug|Any CPU
		{36B035BB-DFDC-4400-AF3B-30341E2D9D85}.Debug|x64.ActiveCfg = Debug|Any CPU
		{36B035BB-DFDC-4400-AF3B-30341E2D9D85}.Debug|x64.Build.0 = Debug|Any CPU
		{36B035BB-DFDC-4400-AF3B-30341E2D9D85}.Debug|x86.ActiveCfg = Debug|Any CPU
		{36B035BB-DFDC-4400-AF3B-30341E2D9D85}.Debug|x86.Build.0 = Debug|Any CPU
		{36B035BB-DFDC-4400-AF3B-30341E2D9D85}.Release|Any CPU.ActiveCfg = Release|Any CPU
		{36B035BB-DFDC-4400-AF3B-30341E2D9D85}.Release|Any CPU.Build.0 = Release|Any CPU
		{36B035BB-DFDC-4400-AF3B-30341E2D9D85}.Release|x64.ActiveCfg = Release|Any CPU
		{36B035BB-DFDC-4400-AF3B-30341E2D9D85}.Release|x64.Build.0 = Release|Any CPU
		{36B035BB-DFDC-4400-AF3B-30341E2D9D85}.Release|x86.ActiveCfg = Release|Any CPU
		{36B035BB-DFDC-4400-AF3B-30341E2D9D85}.Release|x86.Build.0 = Release|Any CPU
		{171B31BF-0492-4692-B3AD-FA1591C37C49}.Debug|Any CPU.ActiveCfg = Debug|Any CPU
		{171B31BF-0492-4692-B3AD-FA1591C37C49}.Debug|Any CPU.Build.0 = Debug|Any CPU
		{171B31BF-0492-4692-B3AD-FA1591C37C49}.Debug|x64.ActiveCfg = Debug|Any CPU
		{171B31BF-0492-4692-B3AD-FA1591C37C49}.Debug|x64.Build.0 = Debug|Any CPU
		{171B31BF-0492-4692-B3AD-FA1591C37C49}.Debug|x86.ActiveCfg = Debug|Any CPU
		{171B31BF-0492-4692-B3AD-FA1591C37C49}.Debug|x86.Build.0 = Debug|Any CPU
		{171B31BF-0492-4692-B3AD-FA1591C37C49}.Release|Any CPU.ActiveCfg = Release|Any CPU
		{171B31BF-0492-4692-B3AD-FA1591C37C49}.Release|Any CPU.Build.0 = Release|Any CPU
		{171B31BF-0492-4692-B3AD-FA1591C37C49}.Release|x64.ActiveCfg = Release|Any CPU
		{171B31BF-0492-4692-B3AD-FA1591C37C49}.Release|x64.Build.0 = Release|Any CPU
		{171B31BF-0492-4692-B3AD-FA1591C37C49}.Release|x86.ActiveCfg = Release|Any CPU
		{171B31BF-0492-4692-B3AD-FA1591C37C49}.Release|x86.Build.0 = Release|Any CPU
	EndGlobalSection
	GlobalSection(SolutionProperties) = preSolution
		HideSolutionNode = FALSE
	EndGlobalSection
	GlobalSection(NestedProjects) = preSolution
		{36B035BB-DFDC-4400-AF3B-30341E2D9D85} = {356D9C46-07F5-7F13-4EEF-5DD22B885BE8}
	EndGlobalSection
EndGlobal
